
Microsoft Visual Studio Solution File, Format Version 12.00
# Visual Studio Version 17
VisualStudioVersion = 17.13.35931.197
MinimumVisualStudioVersion = 10.0.40219.1
Project("{2150E333-8FDC-42A3-9474-1A3956D46DE8}") = "apim4ai.IaC", "apim4ai.IaC", "{02EA681E-C7D8-13C7-8484-4AC65E1B71E8}"
	ProjectSection(SolutionItems) = preProject
		apim4ai.IaC\aiServices.bicep = apim4ai.IaC\aiServices.bicep
		apim4ai.IaC\apim.bicep = apim4ai.IaC\apim.bicep
		apim4ai.IaC\appInsight.bicep = apim4ai.IaC\appInsight.bicep
		apim4ai.IaC\main.bicep = apim4ai.IaC\main.bicep
	EndProjectSection
EndProject
Project("{FAE04EC0-301F-11D3-BF4B-00C04F79EFBC}") = "apim4ai.Console", "apim4ai.Console\apim4ai.Console.csproj", "{646C4A94-256B-4FEE-BBBD-D76774703C92}"
EndProject
Global
	GlobalSection(SolutionConfigurationPlatforms) = preSolution
		Debug|Any CPU = Debug|Any CPU
		Release|Any CPU = Release|Any CPU
	EndGlobalSection
	GlobalSection(ProjectConfigurationPlatforms) = postSolution
		{646C4A94-256B-4FEE-BBBD-D76774703C92}.Debug|Any CPU.ActiveCfg = Debug|Any CPU
		{646C4A94-256B-4FEE-BBBD-D76774703C92}.Debug|Any CPU.Build.0 = Debug|Any CPU
		{646C4A94-256B-4FEE-BBBD-D76774703C92}.Release|Any CPU.ActiveCfg = Release|Any CPU
		{646C4A94-256B-4FEE-BBBD-D76774703C92}.Release|Any CPU.Build.0 = Release|Any CPU
	EndGlobalSection
	GlobalSection(SolutionProperties) = preSolution
		HideSolutionNode = FALSE
	EndGlobalSection
	GlobalSection(ExtensibilityGlobals) = postSolution
		SolutionGuid = {7A3252F6-D397-446B-94F9-29FD62E44DDE}
	EndGlobalSection
EndGlobal
